// !$*UTF8*$!
{
	archiveVersion = 1;
	classes = {
	};
	objectVersion = 46;
	objects = {

/* Begin PBXBuildFile section */
		0B87F8F48EA2AD47774A91B7 /* Pods_producitfy.framework in Frameworks */ = {isa = PBXBuildFile; fileRef = DE785268695BE3A989BE4A59 /* Pods_producitfy.framework */; };
		2805A5BB1EE6E71600694247 /* GoogleService-Info.plist in Resources */ = {isa = PBXBuildFile; fileRef = 2805A5BA1EE6E71600694247 /* GoogleService-Info.plist */; };
		286E173A1EE6CE7600C52810 /* AppDelegate.swift in Sources */ = {isa = PBXBuildFile; fileRef = 286E17391EE6CE7600C52810 /* AppDelegate.swift */; };
		286E173C1EE6CE7600C52810 /* MainViewController.swift in Sources */ = {isa = PBXBuildFile; fileRef = 286E173B1EE6CE7600C52810 /* MainViewController.swift */; };
		286E173F1EE6CE7600C52810 /* Main.storyboard in Resources */ = {isa = PBXBuildFile; fileRef = 286E173D1EE6CE7600C52810 /* Main.storyboard */; };
		286E17411EE6CE7600C52810 /* Assets.xcassets in Resources */ = {isa = PBXBuildFile; fileRef = 286E17401EE6CE7600C52810 /* Assets.xcassets */; };
		286E17441EE6CE7600C52810 /* LaunchScreen.storyboard in Resources */ = {isa = PBXBuildFile; fileRef = 286E17421EE6CE7600C52810 /* LaunchScreen.storyboard */; };
		287EDA5A1EE8374D0045693A /* HistoryViewController.swift in Sources */ = {isa = PBXBuildFile; fileRef = 287EDA591EE8374D0045693A /* HistoryViewController.swift */; };
		289141571EE89D0A005EEDD9 /* ConformationViewController.swift in Sources */ = {isa = PBXBuildFile; fileRef = 289141561EE89D0A005EEDD9 /* ConformationViewController.swift */; };
		2891415A1EE8A1C8005EEDD9 /* DesignableConformationView.swift in Sources */ = {isa = PBXBuildFile; fileRef = 289141591EE8A1C8005EEDD9 /* DesignableConformationView.swift */; };
		2891415C1EE8A4E7005EEDD9 /* TableViewCell.swift in Sources */ = {isa = PBXBuildFile; fileRef = 2891415B1EE8A4E7005EEDD9 /* TableViewCell.swift */; };
		289A89131EE7384D003B9730 /* MyCollectionViewCell.swift in Sources */ = {isa = PBXBuildFile; fileRef = 289A89121EE7384D003B9730 /* MyCollectionViewCell.swift */; };
/* End PBXBuildFile section */

/* Begin PBXFileReference section */
		149A42A97021528AFE8C0442 /* Pods-producitfy.release.xcconfig */ = {isa = PBXFileReference; includeInIndex = 1; lastKnownFileType = text.xcconfig; name = "Pods-producitfy.release.xcconfig"; path = "Pods/Target Support Files/Pods-producitfy/Pods-producitfy.release.xcconfig"; sourceTree = "<group>"; };
		2805A5BA1EE6E71600694247 /* GoogleService-Info.plist */ = {isa = PBXFileReference; fileEncoding = 4; lastKnownFileType = text.plist.xml; path = "GoogleService-Info.plist"; sourceTree = "<group>"; };
		286E17361EE6CE7600C52810 /* producitfy.app */ = {isa = PBXFileReference; explicitFileType = wrapper.application; includeInIndex = 0; path = producitfy.app; sourceTree = BUILT_PRODUCTS_DIR; };
		286E17391EE6CE7600C52810 /* AppDelegate.swift */ = {isa = PBXFileReference; lastKnownFileType = sourcecode.swift; path = AppDelegate.swift; sourceTree = "<group>"; };
		286E173B1EE6CE7600C52810 /* MainViewController.swift */ = {isa = PBXFileReference; lastKnownFileType = sourcecode.swift; path = MainViewController.swift; sourceTree = "<group>"; };
		286E173E1EE6CE7600C52810 /* Base */ = {isa = PBXFileReference; lastKnownFileType = file.storyboard; name = Base; path = Base.lproj/Main.storyboard; sourceTree = "<group>"; };
		286E17401EE6CE7600C52810 /* Assets.xcassets */ = {isa = PBXFileReference; lastKnownFileType = folder.assetcatalog; path = Assets.xcassets; sourceTree = "<group>"; };
		286E17431EE6CE7600C52810 /* Base */ = {isa = PBXFileReference; lastKnownFileType = file.storyboard; name = Base; path = Base.lproj/LaunchScreen.storyboard; sourceTree = "<group>"; };
		286E17451EE6CE7600C52810 /* Info.plist */ = {isa = PBXFileReference; lastKnownFileType = text.plist.xml; path = Info.plist; sourceTree = "<group>"; };
		287EDA591EE8374D0045693A /* HistoryViewController.swift */ = {isa = PBXFileReference; fileEncoding = 4; lastKnownFileType = sourcecode.swift; path = HistoryViewController.swift; sourceTree = "<group>"; };
		289141561EE89D0A005EEDD9 /* ConformationViewController.swift */ = {isa = PBXFileReference; fileEncoding = 4; lastKnownFileType = sourcecode.swift; path = ConformationViewController.swift; sourceTree = "<group>"; };
		289141591EE8A1C8005EEDD9 /* DesignableConformationView.swift */ = {isa = PBXFileReference; fileEncoding = 4; lastKnownFileType = sourcecode.swift; path = DesignableConformationView.swift; sourceTree = "<group>"; };
		2891415B1EE8A4E7005EEDD9 /* TableViewCell.swift */ = {isa = PBXFileReference; fileEncoding = 4; lastKnownFileType = sourcecode.swift; path = TableViewCell.swift; sourceTree = "<group>"; };
		289A89121EE7384D003B9730 /* MyCollectionViewCell.swift */ = {isa = PBXFileReference; fileEncoding = 4; lastKnownFileType = sourcecode.swift; path = MyCollectionViewCell.swift; sourceTree = "<group>"; };
		923C61F2D62644005CE33DCC /* Pods-producitfy.debug.xcconfig */ = {isa = PBXFileReference; includeInIndex = 1; lastKnownFileType = text.xcconfig; name = "Pods-producitfy.debug.xcconfig"; path = "Pods/Target Support Files/Pods-producitfy/Pods-producitfy.debug.xcconfig"; sourceTree = "<group>"; };
		DE785268695BE3A989BE4A59 /* Pods_producitfy.framework */ = {isa = PBXFileReference; explicitFileType = wrapper.framework; includeInIndex = 0; path = Pods_producitfy.framework; sourceTree = BUILT_PRODUCTS_DIR; };
/* End PBXFileReference section */

/* Begin PBXFrameworksBuildPhase section */
		286E17331EE6CE7500C52810 /* Frameworks */ = {
			isa = PBXFrameworksBuildPhase;
			buildActionMask = 2147483647;
			files = (
				0B87F8F48EA2AD47774A91B7 /* Pods_producitfy.framework in Frameworks */,
			);
			runOnlyForDeploymentPostprocessing = 0;
		};
/* End PBXFrameworksBuildPhase section */

/* Begin PBXGroup section */
		286E172D1EE6CE7500C52810 = {
			isa = PBXGroup;
			children = (
				286E17381EE6CE7600C52810 /* producitfy */,
				286E17371EE6CE7600C52810 /* Products */,
				61CB7393124515D8A4EC03A7 /* Pods */,
				A17219288DC8C63E6CFED507 /* Frameworks */,
			);
			sourceTree = "<group>";
		};
		286E17371EE6CE7600C52810 /* Products */ = {
			isa = PBXGroup;
			children = (
				286E17361EE6CE7600C52810 /* producitfy.app */,
			);
			name = Products;
			sourceTree = "<group>";
		};
		286E17381EE6CE7600C52810 /* producitfy */ = {
			isa = PBXGroup;
			children = (
				286E17391EE6CE7600C52810 /* AppDelegate.swift */,
				289141581EE8A159005EEDD9 /* Designables */,
				287EDA5B1EE837590045693A /* ViewControllers */,
				286E173D1EE6CE7600C52810 /* Main.storyboard */,
				286E17401EE6CE7600C52810 /* Assets.xcassets */,
				286E17421EE6CE7600C52810 /* LaunchScreen.storyboard */,
				2891415B1EE8A4E7005EEDD9 /* TableViewCell.swift */,
				286E17451EE6CE7600C52810 /* Info.plist */,
				2805A5BA1EE6E71600694247 /* GoogleService-Info.plist */,
			);
			path = producitfy;
			sourceTree = "<group>";
		};
		287EDA5B1EE837590045693A /* ViewControllers */ = {
			isa = PBXGroup;
			children = (
				286E173B1EE6CE7600C52810 /* MainViewController.swift */,
				287EDA591EE8374D0045693A /* HistoryViewController.swift */,
				289141561EE89D0A005EEDD9 /* ConformationViewController.swift */,
				289A89121EE7384D003B9730 /* MyCollectionViewCell.swift */,
			);
			name = ViewControllers;
			sourceTree = "<group>";
		};
		289141581EE8A159005EEDD9 /* Designables */ = {
			isa = PBXGroup;
			children = (
				289141591EE8A1C8005EEDD9 /* DesignableConformationView.swift */,
			);
			name = Designables;
			sourceTree = "<group>";
		};
		61CB7393124515D8A4EC03A7 /* Pods */ = {
			isa = PBXGroup;
			children = (
				923C61F2D62644005CE33DCC /* Pods-producitfy.debug.xcconfig */,
				149A42A97021528AFE8C0442 /* Pods-producitfy.release.xcconfig */,
			);
			name = Pods;
			sourceTree = "<group>";
		};
		A17219288DC8C63E6CFED507 /* Frameworks */ = {
			isa = PBXGroup;
			children = (
				DE785268695BE3A989BE4A59 /* Pods_producitfy.framework */,
			);
			name = Frameworks;
			sourceTree = "<group>";
		};
/* End PBXGroup section */

/* Begin PBXNativeTarget section */
		286E17351EE6CE7500C52810 /* producitfy */ = {
			isa = PBXNativeTarget;
			buildConfigurationList = 286E17481EE6CE7600C52810 /* Build configuration list for PBXNativeTarget "producitfy" */;
			buildPhases = (
				D29B28E83039C7163ED6BDCB /* [CP] Check Pods Manifest.lock */,
				286E17321EE6CE7500C52810 /* Sources */,
				286E17331EE6CE7500C52810 /* Frameworks */,
				286E17341EE6CE7500C52810 /* Resources */,
				1BCC6809DCAA4BF8E0B159EA /* [CP] Embed Pods Frameworks */,
				060206E1B1D1C93D6F49A0EC /* [CP] Copy Pods Resources */,
			);
			buildRules = (
			);
			dependencies = (
			);
			name = producitfy;
			productName = producitfy;
			productReference = 286E17361EE6CE7600C52810 /* producitfy.app */;
			productType = "com.apple.product-type.application";
		};
/* End PBXNativeTarget section */

/* Begin PBXProject section */
		286E172E1EE6CE7500C52810 /* Project object */ = {
			isa = PBXProject;
			attributes = {
				LastSwiftUpdateCheck = 0830;
				LastUpgradeCheck = 0830;
				ORGANIZATIONNAME = "M.a.j©";
				TargetAttributes = {
					286E17351EE6CE7500C52810 = {
						CreatedOnToolsVersion = 8.3.2;
						DevelopmentTeam = 5QYLX323BC;
						ProvisioningStyle = Automatic;
					};
				};
			};
			buildConfigurationList = 286E17311EE6CE7500C52810 /* Build configuration list for PBXProject "producitfy" */;
			compatibilityVersion = "Xcode 3.2";
			developmentRegion = English;
			hasScannedForEncodings = 0;
			knownRegions = (
				en,
				Base,
			);
			mainGroup = 286E172D1EE6CE7500C52810;
			productRefGroup = 286E17371EE6CE7600C52810 /* Products */;
			projectDirPath = "";
			projectRoot = "";
			targets = (
				286E17351EE6CE7500C52810 /* producitfy */,
			);
		};
/* End PBXProject section */

/* Begin PBXResourcesBuildPhase section */
		286E17341EE6CE7500C52810 /* Resources */ = {
			isa = PBXResourcesBuildPhase;
			buildActionMask = 2147483647;
			files = (
				286E17441EE6CE7600C52810 /* LaunchScreen.storyboard in Resources */,
				2805A5BB1EE6E71600694247 /* GoogleService-Info.plist in Resources */,
				286E17411EE6CE7600C52810 /* Assets.xcassets in Resources */,
				286E173F1EE6CE7600C52810 /* Main.storyboard in Resources */,
			);
			runOnlyForDeploymentPostprocessing = 0;
		};
/* End PBXResourcesBuildPhase section */

/* Begin PBXShellScriptBuildPhase section */
		060206E1B1D1C93D6F49A0EC /* [CP] Copy Pods Resources */ = {
			isa = PBXShellScriptBuildPhase;
			buildActionMask = 2147483647;
			files = (
			);
			inputPaths = (
			);
			name = "[CP] Copy Pods Resources";
			outputPaths = (
			);
			runOnlyForDeploymentPostprocessing = 0;
			shellPath = /bin/sh;
			shellScript = "\"${SRCROOT}/Pods/Target Support Files/Pods-producitfy/Pods-producitfy-resources.sh\"\n";
			showEnvVarsInLog = 0;
		};
		1BCC6809DCAA4BF8E0B159EA /* [CP] Embed Pods Frameworks */ = {
			isa = PBXShellScriptBuildPhase;
			buildActionMask = 2147483647;
			files = (
			);
			inputPaths = (
			);
			name = "[CP] Embed Pods Frameworks";
			outputPaths = (
			);
			runOnlyForDeploymentPostprocessing = 0;
			shellPath = /bin/sh;
			shellScript = "\"${SRCROOT}/Pods/Target Support Files/Pods-producitfy/Pods-producitfy-frameworks.sh\"\n";
			showEnvVarsInLog = 0;
		};
		D29B28E83039C7163ED6BDCB /* [CP] Check Pods Manifest.lock */ = {
			isa = PBXShellScriptBuildPhase;
			buildActionMask = 2147483647;
			files = (
			);
			inputPaths = (
			);
			name = "[CP] Check Pods Manifest.lock";
			outputPaths = (
			);
			runOnlyForDeploymentPostprocessing = 0;
			shellPath = /bin/sh;
			shellScript = "diff \"${PODS_PODFILE_DIR_PATH}/Podfile.lock\" \"${PODS_ROOT}/Manifest.lock\" > /dev/null\nif [ $? != 0 ] ; then\n    # print error to STDERR\n    echo \"error: The sandbox is not in sync with the Podfile.lock. Run 'pod install' or update your CocoaPods installation.\" >&2\n    exit 1\nfi\n";
			showEnvVarsInLog = 0;
		};
/* End PBXShellScriptBuildPhase section */

/* Begin PBXSourcesBuildPhase section */
		286E17321EE6CE7500C52810 /* Sources */ = {
			isa = PBXSourcesBuildPhase;
			buildActionMask = 2147483647;
			files = (
				286E173C1EE6CE7600C52810 /* MainViewController.swift in Sources */,
				286E173A1EE6CE7600C52810 /* AppDelegate.swift in Sources */,
				2891415A1EE8A1C8005EEDD9 /* DesignableConformationView.swift in Sources */,
				289A89131EE7384D003B9730 /* MyCollectionViewCell.swift in Sources */,
				287EDA5A1EE8374D0045693A /* HistoryViewController.swift in Sources */,
				2891415C1EE8A4E7005EEDD9 /* TableViewCell.swift in Sources */,
				289141571EE89D0A005EEDD9 /* ConformationViewController.swift in Sources */,
			);
			runOnlyForDeploymentPostprocessing = 0;
		};
/* End PBXSourcesBuildPhase section */

/* Begin PBXVariantGroup section */
		286E173D1EE6CE7600C52810 /* Main.storyboard */ = {
			isa = PBXVariantGroup;
			children = (
				286E173E1EE6CE7600C52810 /* Base */,
			);
			name = Main.storyboard;
			sourceTree = "<group>";
		};
		286E17421EE6CE7600C52810 /* LaunchScreen.storyboard */ = {
			isa = PBXVariantGroup;
			children = (
				286E17431EE6CE7600C52810 /* Base */,
			);
			name = LaunchScreen.storyboard;
			sourceTree = "<group>";
		};
/* End PBXVariantGroup section */

/* Begin XCBuildConfiguration section */
		286E17461EE6CE7600C52810 /* Debug */ = {
			isa = XCBuildConfiguration;
			buildSettings = {
				ALWAYS_SEARCH_USER_PATHS = NO;
				CLANG_ANALYZER_NONNULL = YES;
				CLANG_ANALYZER_NUMBER_OBJECT_CONVERSION = YES_AGGRESSIVE;
				CLANG_CXX_LANGUAGE_STANDARD = "gnu++0x";
				CLANG_CXX_LIBRARY = "libc++";
				CLANG_ENABLE_MODULES = YES;
				CLANG_ENABLE_OBJC_ARC = YES;
				CLANG_WARN_BOOL_CONVERSION = YES;
				CLANG_WARN_CONSTANT_CONVERSION = YES;
				CLANG_WARN_DIRECT_OBJC_ISA_USAGE = YES_ERROR;
				CLANG_WARN_DOCUMENTATION_COMMENTS = YES;
				CLANG_WARN_EMPTY_BODY = YES;
				CLANG_WARN_ENUM_CONVERSION = YES;
				CLANG_WARN_INFINITE_RECURSION = YES;
				CLANG_WARN_INT_CONVERSION = YES;
				CLANG_WARN_OBJC_ROOT_CLASS = YES_ERROR;
				CLANG_WARN_SUSPICIOUS_MOVE = YES;
				CLANG_WARN_UNREACHABLE_CODE = YES;
				CLANG_WARN__DUPLICATE_METHOD_MATCH = YES;
				"CODE_SIGN_IDENTITY[sdk=iphoneos*]" = "iPhone Developer";
				COPY_PHASE_STRIP = NO;
				DEBUG_INFORMATION_FORMAT = dwarf;
				ENABLE_STRICT_OBJC_MSGSEND = YES;
				ENABLE_TESTABILITY = YES;
				GCC_C_LANGUAGE_STANDARD = gnu99;
				GCC_DYNAMIC_NO_PIC = NO;
				GCC_NO_COMMON_BLOCKS = YES;
				GCC_OPTIMIZATION_LEVEL = 0;
				GCC_PREPROCESSOR_DEFINITIONS = (
					"DEBUG=1",
					"$(inherited)",
				);
				GCC_WARN_64_TO_32_BIT_CONVERSION = YES;
				GCC_WARN_ABOUT_RETURN_TYPE = YES_ERROR;
				GCC_WARN_UNDECLARED_SELECTOR = YES;
				GCC_WARN_UNINITIALIZED_AUTOS = YES_AGGRESSIVE;
				GCC_WARN_UNUSED_FUNCTION = YES;
				GCC_WARN_UNUSED_VARIABLE = YES;
				IPHONEOS_DEPLOYMENT_TARGET = 10.3;
				MTL_ENABLE_DEBUG_INFO = YES;
				ONLY_ACTIVE_ARCH = YES;
				SDKROOT = iphoneos;
				SWIFT_ACTIVE_COMPILATION_CONDITIONS = DEBUG;
				SWIFT_OPTIMIZATION_LEVEL = "-Onone";
				TARGETED_DEVICE_FAMILY = "1,2";
			};
			name = Debug;
		};
		286E17471EE6CE7600C52810 /* Release */ = {
			isa = XCBuildConfiguration;
			buildSettings = {
				ALWAYS_SEARCH_USER_PATHS = NO;
				CLANG_ANALYZER_NONNULL = YES;
				CLANG_ANALYZER_NUMBER_OBJECT_CONVERSION = YES_AGGRESSIVE;
				CLANG_CXX_LANGUAGE_STANDARD = "gnu++0x";
				CLANG_CXX_LIBRARY = "libc++";
				CLANG_ENABLE_MODULES = YES;
				CLANG_ENABLE_OBJC_ARC = YES;
				CLANG_WARN_BOOL_CONVERSION = YES;
				CLANG_WARN_CONSTANT_CONVERSION = YES;
				CLANG_WARN_DIRECT_OBJC_ISA_USAGE = YES_ERROR;
				CLANG_WARN_DOCUMENTATION_COMMENTS = YES;
				CLANG_WARN_EMPTY_BODY = YES;
				CLANG_WARN_ENUM_CONVERSION = YES;
				CLANG_WARN_INFINITE_RECURSION = YES;
				CLANG_WARN_INT_CONVERSION = YES;
				CLANG_WARN_OBJC_ROOT_CLASS = YES_ERROR;
				CLANG_WARN_SUSPICIOUS_MOVE = YES;
				CLANG_WARN_UNREACHABLE_CODE = YES;
				CLANG_WARN__DUPLICATE_METHOD_MATCH = YES;
				"CODE_SIGN_IDENTITY[sdk=iphoneos*]" = "iPhone Developer";
				COPY_PHASE_STRIP = NO;
				DEBUG_INFORMATION_FORMAT = "dwarf-with-dsym";
				ENABLE_NS_ASSERTIONS = NO;
				ENABLE_STRICT_OBJC_MSGSEND = YES;
				GCC_C_LANGUAGE_STANDARD = gnu99;
				GCC_NO_COMMON_BLOCKS = YES;
				GCC_WARN_64_TO_32_BIT_CONVERSION = YES;
				GCC_WARN_ABOUT_RETURN_TYPE = YES_ERROR;
				GCC_WARN_UNDECLARED_SELECTOR = YES;
				GCC_WARN_UNINITIALIZED_AUTOS = YES_AGGRESSIVE;
				GCC_WARN_UNUSED_FUNCTION = YES;
				GCC_WARN_UNUSED_VARIABLE = YES;
				IPHONEOS_DEPLOYMENT_TARGET = 10.3;
				MTL_ENABLE_DEBUG_INFO = NO;
				SDKROOT = iphoneos;
				SWIFT_OPTIMIZATION_LEVEL = "-Owholemodule";
				TARGETED_DEVICE_FAMILY = "1,2";
				VALIDATE_PRODUCT = YES;
			};
			name = Release;
		};
		286E17491EE6CE7600C52810 /* Debug */ = {
			isa = XCBuildConfiguration;
			baseConfigurationReference = 923C61F2D62644005CE33DCC /* Pods-producitfy.debug.xcconfig */;
			buildSettings = {
				ASSETCATALOG_COMPILER_APPICON_NAME = AppIcon;
				DEVELOPMENT_TEAM = 5QYLX323BC;
				INFOPLIST_FILE = producitfy/Info.plist;
				LD_RUNPATH_SEARCH_PATHS = "$(inherited) @executable_path/Frameworks";
				PRODUCT_BUNDLE_IDENTIFIER = nl.mprog.producitfy;
				PRODUCT_NAME = "$(TARGET_NAME)";
				SWIFT_VERSION = 3.0;
			};
			name = Debug;
		};
		286E174A1EE6CE7600C52810 /* Release */ = {
			isa = XCBuildConfiguration;
			baseConfigurationReference = 149A42A97021528AFE8C0442 /* Pods-producitfy.release.xcconfig */;
			buildSettings = {
				ASSETCATALOG_COMPILER_APPICON_NAME = AppIcon;
				DEVELOPMENT_TEAM = 5QYLX323BC;
				INFOPLIST_FILE = producitfy/Info.plist;
				LD_RUNPATH_SEARCH_PATHS = "$(inherited) @executable_path/Frameworks";
				PRODUCT_BUNDLE_IDENTIFIER = nl.mprog.producitfy;
				PRODUCT_NAME = "$(TARGET_NAME)";
				SWIFT_VERSION = 3.0;
			};
			name = Release;
		};
/* End XCBuildConfiguration section */

/* Begin XCConfigurationList section */
		286E17311EE6CE7500C52810 /* Build configuration list for PBXProject "producitfy" */ = {
			isa = XCConfigurationList;
			buildConfigurations = (
				286E17461EE6CE7600C52810 /* Debug */,
				286E17471EE6CE7600C52810 /* Release */,
			);
			defaultConfigurationIsVisible = 0;
			defaultConfigurationName = Release;
		};
		286E17481EE6CE7600C52810 /* Build configuration list for PBXNativeTarget "producitfy" */ = {
			isa = XCConfigurationList;
			buildConfigurations = (
				286E17491EE6CE7600C52810 /* Debug */,
				286E174A1EE6CE7600C52810 /* Release */,
			);
			defaultConfigurationIsVisible = 0;
			defaultConfigurationName = Release;
		};
/* End XCConfigurationList section */
	};
	rootObject = 286E172E1EE6CE7500C52810 /* Project object */;
}
